
Microsoft Visual Studio Solution File, Format Version 12.00
# Visual Studio Version 16
VisualStudioVersion = 16.0.32228.343
MinimumVisualStudioVersion = 10.0.40219.1
Project("{FAE04EC0-301F-11D3-BF4B-00C04F79EFBC}") = "Entidades", "Entidades\Entidades.csproj", "{3F90F4C5-C56E-475D-95F2-219C028D98BE}"
EndProject
Global
	GlobalSection(SolutionConfigurationPlatforms) = preSolution
		Debug|Any CPU = Debug|Any CPU
		Release|Any CPU = Release|Any CPU
	EndGlobalSection
	GlobalSection(ProjectConfigurationPlatforms) = postSolution
		{3F90F4C5-C56E-475D-95F2-219C028D98BE}.Debug|Any CPU.ActiveCfg = Debug|Any CPU
		{3F90F4C5-C56E-475D-95F2-219C028D98BE}.Debug|Any CPU.Build.0 = Debug|Any CPU
		{3F90F4C5-C56E-475D-95F2-219C028D98BE}.Release|Any CPU.ActiveCfg = Release|Any CPU
		{3F90F4C5-C56E-475D-95F2-219C028D98BE}.Release|Any CPU.Build.0 = Release|Any CPU
	EndGlobalSection
	GlobalSection(SolutionProperties) = preSolution
		HideSolutionNode = FALSE
	EndGlobalSection
	GlobalSection(ExtensibilityGlobals) = postSolution
		SolutionGuid = {324CD803-C426-44FC-9C19-21A05EB49A39}
	EndGlobalSection
EndGlobal
